PODS:
  - Alamofire (4.8.2)
  - Differentiator (4.0.1)
  - IORequestable (0.1.10):
    - IORequestable/Core (= 0.1.10)
  - IORequestable/Core (0.1.10):
    - Alamofire (~> 4.8.0)
    - Moya (~> 12.0.0)
    - Result
  - IQKeyboardManager (6.5.12)
  - Kingfisher (7.8.0)
  - Moya (12.0.1):
    - Moya/Core (= 12.0.1)
  - Moya/Core (12.0.1):
    - Alamofire (~> 4.1)
    - Result (~> 4.0)
  - NVActivityIndicatorView (4.4.0):
    - NVActivityIndicatorView/Presenter (= 4.4.0)
  - NVActivityIndicatorView/Presenter (4.4.0)
  - Result (4.1.0)
  - RxCocoa (5.1.3):
    - RxRelay (~> 5)
    - RxSwift (~> 5)
  - RxDataSources (4.0.1):
    - Differentiator (~> 4.0)
    - RxCocoa (~> 5.0)
    - RxSwift (~> 5.0)
  - RxOptional (4.1.0):
    - RxCocoa (~> 5)
    - RxSwift (~> 5)
  - RxRelay (5.1.3):
    - RxSwift (~> 5)
  - RxSwift (5.1.3)
  - RxViewController (1.0.0):
    - RxCocoa (~> 5.0)
    - RxSwift (~> 5.0)
  - SnapKit (5.6.0)

DEPENDENCIES:
  - IORequestable
  - IQKeyboardManager
  - Kingfisher
  - NVActivityIndicatorView (= 4.4.0)
  - RxCocoa (~> 5.0)
  - RxDataSources (~> 4.0)
  - RxOptional (~> 4.1)
  - RxSwift (~> 5.0)
  - RxViewController
  - SnapKit

SPEC REPOS:
  trunk:
    - Alamofire
    - Differentiator
    - IORequestable
    - IQKeyboardManager
    - Kingfisher
    - Moya
    - NVActivityIndicatorView
    - Result
    - RxCocoa
    - RxDataSources
    - RxOptional
    - RxRelay
    - RxSwift
    - RxViewController
    - SnapKit

SPEC CHECKSUMS:
  Alamofire: ae5c501addb7afdbb13687d7f2f722c78734c2d3
  Differentiator: 886080237d9f87f322641dedbc5be257061b0602
  IORequestable: 1733ab7fe8ab7bd4f0f281471e2b514274739a9e
  IQKeyboardManager: b1fd66ccf7a79095bdcc4a2735231586f744216e
  Kingfisher: 0656e1b064bfc1ca1cd04e033f617a86559696e9
  Moya: cf730b3cd9e005401ef37a85143aa141a12fd38f
  NVActivityIndicatorView: ec7440a57af2450319d3a4181cca7da6fc127064
  Result: bd966fac789cc6c1563440b348ab2598cc24d5c7
  RxCocoa: e2ed092d5432e4296aa818021d27de4090ac0354
  RxDataSources: efee07fa4de48477eca0a4611e6d11e2da9c1114
  RxOptional: b1fcd60856807a564c0215c2184b8d33e7826dc2
  RxRelay: 5a18c2eb2d68326ebaf0112f80d837ae41b92b97
  RxSwift: 915abbdfb62214aa89ccd0b194d44fb478019b27
  RxViewController: 7330a46e5c31cd680db169da4c9fc8676e975a81
  SnapKit: e01d52ebb8ddbc333eefe2132acf85c8227d9c25

PODFILE CHECKSUM: 0cb19c61a948df8480e5d4fd395467082034ef1c

COCOAPODS: 1.10.2
