// !$*UTF8*$!
{
	archiveVersion = 1;
	classes = {
	};
	objectVersion = 56;
	objects = {

/* Begin PBXBuildFile section */
		748FFEB384D6CDEA07E600ED /* Pods_hyweb_ios_exam.framework in Frameworks */ = {isa = PBXBuildFile; fileRef = 895CB8709A48A9CFC1C53CE5 /* Pods_hyweb_ios_exam.framework */; };
		B0030A542AA87E7100CEF56B /* BookPersistenceStore.xcdatamodeld in Sources */ = {isa = PBXBuildFile; fileRef = B0030A522AA87E7100CEF56B /* BookPersistenceStore.xcdatamodeld */; };
		B0030A562AA87F4100CEF56B /* BookPersistenceStore.swift in Sources */ = {isa = PBXBuildFile; fileRef = B0030A552AA87F4100CEF56B /* BookPersistenceStore.swift */; };
		B0030A582AA8AC5300CEF56B /* LocalBookService.swift in Sources */ = {isa = PBXBuildFile; fileRef = B0030A572AA8AC5300CEF56B /* LocalBookService.swift */; };
		B0030A5A2AA8AE7800CEF56B /* BookPersistenceStore+Bridging.swift in Sources */ = {isa = PBXBuildFile; fileRef = B0030A592AA8AE7800CEF56B /* BookPersistenceStore+Bridging.swift */; };
		B03232612AA750BA00E5D972 /* AppDelegate.swift in Sources */ = {isa = PBXBuildFile; fileRef = B03232602AA750BA00E5D972 /* AppDelegate.swift */; };
		B03232632AA750BA00E5D972 /* SceneDelegate.swift in Sources */ = {isa = PBXBuildFile; fileRef = B03232622AA750BA00E5D972 /* SceneDelegate.swift */; };
		B03232652AA750BA00E5D972 /* ViewController.swift in Sources */ = {isa = PBXBuildFile; fileRef = B03232642AA750BA00E5D972 /* ViewController.swift */; };
		B032326A2AA750BB00E5D972 /* Assets.xcassets in Resources */ = {isa = PBXBuildFile; fileRef = B03232692AA750BB00E5D972 /* Assets.xcassets */; };
		B032326D2AA750BB00E5D972 /* LaunchScreen.storyboard in Resources */ = {isa = PBXBuildFile; fileRef = B032326B2AA750BB00E5D972 /* LaunchScreen.storyboard */; };
		B03232822AA75D5200E5D972 /* Book.swift in Sources */ = {isa = PBXBuildFile; fileRef = B03232812AA75D5200E5D972 /* Book.swift */; };
		B03232872AA75E0B00E5D972 /* BookServiceProtocol.swift in Sources */ = {isa = PBXBuildFile; fileRef = B03232862AA75E0B00E5D972 /* BookServiceProtocol.swift */; };
		B032328A2AA7601E00E5D972 /* BookService.swift in Sources */ = {isa = PBXBuildFile; fileRef = B03232892AA7601E00E5D972 /* BookService.swift */; };
		B032328E2AA7611E00E5D972 /* BookListViewController.swift in Sources */ = {isa = PBXBuildFile; fileRef = B032328D2AA7611E00E5D972 /* BookListViewController.swift */; };
		B03232902AA7614100E5D972 /* BookListViewModelProtocol.swift in Sources */ = {isa = PBXBuildFile; fileRef = B032328F2AA7614100E5D972 /* BookListViewModelProtocol.swift */; };
		B03232922AA7614700E5D972 /* BookListViewModel.swift in Sources */ = {isa = PBXBuildFile; fileRef = B03232912AA7614700E5D972 /* BookListViewModel.swift */; };
		B03232942AA773D500E5D972 /* BookListCell.swift in Sources */ = {isa = PBXBuildFile; fileRef = B03232932AA773D500E5D972 /* BookListCell.swift */; };
		B03232972AA77C1000E5D972 /* AppCoordinator.swift in Sources */ = {isa = PBXBuildFile; fileRef = B03232962AA77C1000E5D972 /* AppCoordinator.swift */; };
		B03232992AA787AC00E5D972 /* MockBookService.swift in Sources */ = {isa = PBXBuildFile; fileRef = B03232982AA787AC00E5D972 /* MockBookService.swift */; };
		B032329B2AA787D700E5D972 /* RemoteBookService.swift in Sources */ = {isa = PBXBuildFile; fileRef = B032329A2AA787D700E5D972 /* RemoteBookService.swift */; };
		B03232A02AA7887100E5D972 /* BookAPIBase.swift in Sources */ = {isa = PBXBuildFile; fileRef = B032329F2AA7887100E5D972 /* BookAPIBase.swift */; };
		B03232A22AA7897900E5D972 /* BookAPI+Models.swift in Sources */ = {isa = PBXBuildFile; fileRef = B03232A12AA7897900E5D972 /* BookAPI+Models.swift */; };
		B03232A42AA78AC600E5D972 /* BookAPI.swift in Sources */ = {isa = PBXBuildFile; fileRef = B03232A32AA78AC600E5D972 /* BookAPI.swift */; };
		B03232A62AA78BA600E5D972 /* BookAPI+Bridging.swift in Sources */ = {isa = PBXBuildFile; fileRef = B03232A52AA78BA600E5D972 /* BookAPI+Bridging.swift */; };
/* End PBXBuildFile section */

/* Begin PBXFileReference section */
		895CB8709A48A9CFC1C53CE5 /* Pods_hyweb_ios_exam.framework */ = {isa = PBXFileReference; explicitFileType = wrapper.framework; includeInIndex = 0; path = Pods_hyweb_ios_exam.framework; sourceTree = BUILT_PRODUCTS_DIR; };
		8B9AD6D2DE4B5B5C28F9FACE /* Pods-hyweb-ios-exam.debug.xcconfig */ = {isa = PBXFileReference; includeInIndex = 1; lastKnownFileType = text.xcconfig; name = "Pods-hyweb-ios-exam.debug.xcconfig"; path = "Target Support Files/Pods-hyweb-ios-exam/Pods-hyweb-ios-exam.debug.xcconfig"; sourceTree = "<group>"; };
		B0030A532AA87E7100CEF56B /* BookPersistenceStore.xcdatamodel */ = {isa = PBXFileReference; lastKnownFileType = wrapper.xcdatamodel; path = BookPersistenceStore.xcdatamodel; sourceTree = "<group>"; };
		B0030A552AA87F4100CEF56B /* BookPersistenceStore.swift */ = {isa = PBXFileReference; lastKnownFileType = sourcecode.swift; path = BookPersistenceStore.swift; sourceTree = "<group>"; };
		B0030A572AA8AC5300CEF56B /* LocalBookService.swift */ = {isa = PBXFileReference; lastKnownFileType = sourcecode.swift; path = LocalBookService.swift; sourceTree = "<group>"; };
		B0030A592AA8AE7800CEF56B /* BookPersistenceStore+Bridging.swift */ = {isa = PBXFileReference; lastKnownFileType = sourcecode.swift; path = "BookPersistenceStore+Bridging.swift"; sourceTree = "<group>"; };
		B032325D2AA750BA00E5D972 /* hyweb-ios-exam.app */ = {isa = PBXFileReference; explicitFileType = wrapper.application; includeInIndex = 0; path = "hyweb-ios-exam.app"; sourceTree = BUILT_PRODUCTS_DIR; };
		B03232602AA750BA00E5D972 /* AppDelegate.swift */ = {isa = PBXFileReference; lastKnownFileType = sourcecode.swift; path = AppDelegate.swift; sourceTree = "<group>"; };
		B03232622AA750BA00E5D972 /* SceneDelegate.swift */ = {isa = PBXFileReference; lastKnownFileType = sourcecode.swift; path = SceneDelegate.swift; sourceTree = "<group>"; };
		B03232642AA750BA00E5D972 /* ViewController.swift */ = {isa = PBXFileReference; lastKnownFileType = sourcecode.swift; path = ViewController.swift; sourceTree = "<group>"; };
		B03232692AA750BB00E5D972 /* Assets.xcassets */ = {isa = PBXFileReference; lastKnownFileType = folder.assetcatalog; path = Assets.xcassets; sourceTree = "<group>"; };
		B032326C2AA750BB00E5D972 /* Base */ = {isa = PBXFileReference; lastKnownFileType = file.storyboard; name = Base; path = Base.lproj/LaunchScreen.storyboard; sourceTree = "<group>"; };
		B032326E2AA750BB00E5D972 /* Info.plist */ = {isa = PBXFileReference; lastKnownFileType = text.plist.xml; path = Info.plist; sourceTree = "<group>"; };
		B03232812AA75D5200E5D972 /* Book.swift */ = {isa = PBXFileReference; lastKnownFileType = sourcecode.swift; path = Book.swift; sourceTree = "<group>"; };
		B03232862AA75E0B00E5D972 /* BookServiceProtocol.swift */ = {isa = PBXFileReference; lastKnownFileType = sourcecode.swift; path = BookServiceProtocol.swift; sourceTree = "<group>"; };
		B03232892AA7601E00E5D972 /* BookService.swift */ = {isa = PBXFileReference; lastKnownFileType = sourcecode.swift; path = BookService.swift; sourceTree = "<group>"; };
		B032328D2AA7611E00E5D972 /* BookListViewController.swift */ = {isa = PBXFileReference; lastKnownFileType = sourcecode.swift; path = BookListViewController.swift; sourceTree = "<group>"; };
		B032328F2AA7614100E5D972 /* BookListViewModelProtocol.swift */ = {isa = PBXFileReference; lastKnownFileType = sourcecode.swift; path = BookListViewModelProtocol.swift; sourceTree = "<group>"; };
		B03232912AA7614700E5D972 /* BookListViewModel.swift */ = {isa = PBXFileReference; lastKnownFileType = sourcecode.swift; path = BookListViewModel.swift; sourceTree = "<group>"; };
		B03232932AA773D500E5D972 /* BookListCell.swift */ = {isa = PBXFileReference; lastKnownFileType = sourcecode.swift; path = BookListCell.swift; sourceTree = "<group>"; };
		B03232962AA77C1000E5D972 /* AppCoordinator.swift */ = {isa = PBXFileReference; lastKnownFileType = sourcecode.swift; path = AppCoordinator.swift; sourceTree = "<group>"; };
		B03232982AA787AC00E5D972 /* MockBookService.swift */ = {isa = PBXFileReference; lastKnownFileType = sourcecode.swift; path = MockBookService.swift; sourceTree = "<group>"; };
		B032329A2AA787D700E5D972 /* RemoteBookService.swift */ = {isa = PBXFileReference; lastKnownFileType = sourcecode.swift; path = RemoteBookService.swift; sourceTree = "<group>"; };
		B032329F2AA7887100E5D972 /* BookAPIBase.swift */ = {isa = PBXFileReference; lastKnownFileType = sourcecode.swift; path = BookAPIBase.swift; sourceTree = "<group>"; };
		B03232A12AA7897900E5D972 /* BookAPI+Models.swift */ = {isa = PBXFileReference; lastKnownFileType = sourcecode.swift; path = "BookAPI+Models.swift"; sourceTree = "<group>"; };
		B03232A32AA78AC600E5D972 /* BookAPI.swift */ = {isa = PBXFileReference; lastKnownFileType = sourcecode.swift; path = BookAPI.swift; sourceTree = "<group>"; };
		B03232A52AA78BA600E5D972 /* BookAPI+Bridging.swift */ = {isa = PBXFileReference; lastKnownFileType = sourcecode.swift; path = "BookAPI+Bridging.swift"; sourceTree = "<group>"; };
		FA40FF0B3D7F5A1FE9DC7350 /* Pods-hyweb-ios-exam.release.xcconfig */ = {isa = PBXFileReference; includeInIndex = 1; lastKnownFileType = text.xcconfig; name = "Pods-hyweb-ios-exam.release.xcconfig"; path = "Target Support Files/Pods-hyweb-ios-exam/Pods-hyweb-ios-exam.release.xcconfig"; sourceTree = "<group>"; };
/* End PBXFileReference section */

/* Begin PBXFrameworksBuildPhase section */
		B032325A2AA750BA00E5D972 /* Frameworks */ = {
			isa = PBXFrameworksBuildPhase;
			buildActionMask = 2147483647;
			files = (
				748FFEB384D6CDEA07E600ED /* Pods_hyweb_ios_exam.framework in Frameworks */,
			);
			runOnlyForDeploymentPostprocessing = 0;
		};
/* End PBXFrameworksBuildPhase section */

/* Begin PBXGroup section */
		37EAAC3F37BDC25921A16BDA /* Frameworks */ = {
			isa = PBXGroup;
			children = (
				895CB8709A48A9CFC1C53CE5 /* Pods_hyweb_ios_exam.framework */,
			);
			name = Frameworks;
			sourceTree = "<group>";
		};
		B0030A512AA87E1700CEF56B /* BookPersistenceStore */ = {
			isa = PBXGroup;
			children = (
				B0030A522AA87E7100CEF56B /* BookPersistenceStore.xcdatamodeld */,
				B0030A552AA87F4100CEF56B /* BookPersistenceStore.swift */,
				B0030A592AA8AE7800CEF56B /* BookPersistenceStore+Bridging.swift */,
			);
			path = BookPersistenceStore;
			sourceTree = "<group>";
		};
		B03232542AA750BA00E5D972 = {
			isa = PBXGroup;
			children = (
				B032325F2AA750BA00E5D972 /* hyweb-ios-exam */,
				B032325E2AA750BA00E5D972 /* Products */,
				F1E2AD8118AAD63C4B301C56 /* Pods */,
				37EAAC3F37BDC25921A16BDA /* Frameworks */,
			);
			sourceTree = "<group>";
		};
		B032325E2AA750BA00E5D972 /* Products */ = {
			isa = PBXGroup;
			children = (
				B032325D2AA750BA00E5D972 /* hyweb-ios-exam.app */,
			);
			name = Products;
			sourceTree = "<group>";
		};
		B032325F2AA750BA00E5D972 /* hyweb-ios-exam */ = {
			isa = PBXGroup;
			children = (
				B03232802AA75ADF00E5D972 /* Domain */,
				B03232832AA75DC200E5D972 /* Services */,
				B032328B2AA7608F00E5D972 /* Views */,
				B03232952AA77BB000E5D972 /* Coordinator */,
				B03232602AA750BA00E5D972 /* AppDelegate.swift */,
				B03232622AA750BA00E5D972 /* SceneDelegate.swift */,
				B03232642AA750BA00E5D972 /* ViewController.swift */,
				B03232692AA750BB00E5D972 /* Assets.xcassets */,
				B032326B2AA750BB00E5D972 /* LaunchScreen.storyboard */,
				B032326E2AA750BB00E5D972 /* Info.plist */,
			);
			path = "hyweb-ios-exam";
			sourceTree = "<group>";
		};
		B03232802AA75ADF00E5D972 /* Domain */ = {
			isa = PBXGroup;
			children = (
				B03232852AA75DF900E5D972 /* Models */,
				B03232842AA75DEA00E5D972 /* ServiceInterfaces */,
			);
			path = Domain;
			sourceTree = "<group>";
		};
		B03232832AA75DC200E5D972 /* Services */ = {
			isa = PBXGroup;
			children = (
				B032329D2AA7882300E5D972 /* Platforms */,
				B03232882AA75FDA00E5D972 /* BookService */,
			);
			path = Services;
			sourceTree = "<group>";
		};
		B03232842AA75DEA00E5D972 /* ServiceInterfaces */ = {
			isa = PBXGroup;
			children = (
				B03232862AA75E0B00E5D972 /* BookServiceProtocol.swift */,
			);
			path = ServiceInterfaces;
			sourceTree = "<group>";
		};
		B03232852AA75DF900E5D972 /* Models */ = {
			isa = PBXGroup;
			children = (
				B03232812AA75D5200E5D972 /* Book.swift */,
			);
			path = Models;
			sourceTree = "<group>";
		};
		B03232882AA75FDA00E5D972 /* BookService */ = {
			isa = PBXGroup;
			children = (
				B03232892AA7601E00E5D972 /* BookService.swift */,
				B03232982AA787AC00E5D972 /* MockBookService.swift */,
				B032329A2AA787D700E5D972 /* RemoteBookService.swift */,
				B0030A572AA8AC5300CEF56B /* LocalBookService.swift */,
			);
			path = BookService;
			sourceTree = "<group>";
		};
		B032328B2AA7608F00E5D972 /* Views */ = {
			isa = PBXGroup;
			children = (
				B032328C2AA7611200E5D972 /* BookList */,
			);
			path = Views;
			sourceTree = "<group>";
		};
		B032328C2AA7611200E5D972 /* BookList */ = {
			isa = PBXGroup;
			children = (
				B032328F2AA7614100E5D972 /* BookListViewModelProtocol.swift */,
				B03232912AA7614700E5D972 /* BookListViewModel.swift */,
				B032328D2AA7611E00E5D972 /* BookListViewController.swift */,
				B03232932AA773D500E5D972 /* BookListCell.swift */,
			);
			path = BookList;
			sourceTree = "<group>";
		};
		B03232952AA77BB000E5D972 /* Coordinator */ = {
			isa = PBXGroup;
			children = (
				B03232962AA77C1000E5D972 /* AppCoordinator.swift */,
			);
			path = Coordinator;
			sourceTree = "<group>";
		};
		B032329D2AA7882300E5D972 /* Platforms */ = {
			isa = PBXGroup;
			children = (
				B0030A512AA87E1700CEF56B /* BookPersistenceStore */,
				B032329E2AA7884100E5D972 /* BookAPI */,
			);
			path = Platforms;
			sourceTree = "<group>";
		};
		B032329E2AA7884100E5D972 /* BookAPI */ = {
			isa = PBXGroup;
			children = (
				B032329F2AA7887100E5D972 /* BookAPIBase.swift */,
				B03232A12AA7897900E5D972 /* BookAPI+Models.swift */,
				B03232A32AA78AC600E5D972 /* BookAPI.swift */,
				B03232A52AA78BA600E5D972 /* BookAPI+Bridging.swift */,
			);
			path = BookAPI;
			sourceTree = "<group>";
		};
		F1E2AD8118AAD63C4B301C56 /* Pods */ = {
			isa = PBXGroup;
			children = (
				8B9AD6D2DE4B5B5C28F9FACE /* Pods-hyweb-ios-exam.debug.xcconfig */,
				FA40FF0B3D7F5A1FE9DC7350 /* Pods-hyweb-ios-exam.release.xcconfig */,
			);
			path = Pods;
			sourceTree = "<group>";
		};
/* End PBXGroup section */

/* Begin PBXNativeTarget section */
		B032325C2AA750BA00E5D972 /* hyweb-ios-exam */ = {
			isa = PBXNativeTarget;
			buildConfigurationList = B03232712AA750BB00E5D972 /* Build configuration list for PBXNativeTarget "hyweb-ios-exam" */;
			buildPhases = (
				D58224331EA707068A3683E7 /* [CP] Check Pods Manifest.lock */,
				B03232592AA750BA00E5D972 /* Sources */,
				B032325A2AA750BA00E5D972 /* Frameworks */,
				B032325B2AA750BA00E5D972 /* Resources */,
				78A44B0FFB6AEA281098BB13 /* [CP] Embed Pods Frameworks */,
			);
			buildRules = (
			);
			dependencies = (
			);
			name = "hyweb-ios-exam";
			productName = "hyweb-ios-exam";
			productReference = B032325D2AA750BA00E5D972 /* hyweb-ios-exam.app */;
			productType = "com.apple.product-type.application";
		};
/* End PBXNativeTarget section */

/* Begin PBXProject section */
		B03232552AA750BA00E5D972 /* Project object */ = {
			isa = PBXProject;
			attributes = {
				BuildIndependentTargetsInParallel = 1;
				LastSwiftUpdateCheck = 1410;
				LastUpgradeCheck = 1410;
				TargetAttributes = {
					B032325C2AA750BA00E5D972 = {
						CreatedOnToolsVersion = 14.1;
					};
				};
			};
			buildConfigurationList = B03232582AA750BA00E5D972 /* Build configuration list for PBXProject "hyweb-ios-exam" */;
			compatibilityVersion = "Xcode 14.0";
			developmentRegion = en;
			hasScannedForEncodings = 0;
			knownRegions = (
				en,
				Base,
			);
			mainGroup = B03232542AA750BA00E5D972;
			productRefGroup = B032325E2AA750BA00E5D972 /* Products */;
			projectDirPath = "";
			projectRoot = "";
			targets = (
				B032325C2AA750BA00E5D972 /* hyweb-ios-exam */,
			);
		};
/* End PBXProject section */

/* Begin PBXResourcesBuildPhase section */
		B032325B2AA750BA00E5D972 /* Resources */ = {
			isa = PBXResourcesBuildPhase;
			buildActionMask = 2147483647;
			files = (
				B032326D2AA750BB00E5D972 /* LaunchScreen.storyboard in Resources */,
				B032326A2AA750BB00E5D972 /* Assets.xcassets in Resources */,
			);
			runOnlyForDeploymentPostprocessing = 0;
		};
/* End PBXResourcesBuildPhase section */

/* Begin PBXShellScriptBuildPhase section */
		78A44B0FFB6AEA281098BB13 /* [CP] Embed Pods Frameworks */ = {
			isa = PBXShellScriptBuildPhase;
			buildActionMask = 2147483647;
			files = (
			);
			inputFileListPaths = (
				"${PODS_ROOT}/Target Support Files/Pods-hyweb-ios-exam/Pods-hyweb-ios-exam-frameworks-${CONFIGURATION}-input-files.xcfilelist",
			);
			name = "[CP] Embed Pods Frameworks";
			outputFileListPaths = (
				"${PODS_ROOT}/Target Support Files/Pods-hyweb-ios-exam/Pods-hyweb-ios-exam-frameworks-${CONFIGURATION}-output-files.xcfilelist",
			);
			runOnlyForDeploymentPostprocessing = 0;
			shellPath = /bin/sh;
			shellScript = "\"${PODS_ROOT}/Target Support Files/Pods-hyweb-ios-exam/Pods-hyweb-ios-exam-frameworks.sh\"\n";
			showEnvVarsInLog = 0;
		};
		D58224331EA707068A3683E7 /* [CP] Check Pods Manifest.lock */ = {
			isa = PBXShellScriptBuildPhase;
			buildActionMask = 2147483647;
			files = (
			);
			inputFileListPaths = (
			);
			inputPaths = (
				"${PODS_PODFILE_DIR_PATH}/Podfile.lock",
				"${PODS_ROOT}/Manifest.lock",
			);
			name = "[CP] Check Pods Manifest.lock";
			outputFileListPaths = (
			);
			outputPaths = (
				"$(DERIVED_FILE_DIR)/Pods-hyweb-ios-exam-checkManifestLockResult.txt",
			);
			runOnlyForDeploymentPostprocessing = 0;
			shellPath = /bin/sh;
			shellScript = "diff \"${PODS_PODFILE_DIR_PATH}/Podfile.lock\" \"${PODS_ROOT}/Manifest.lock\" > /dev/null\nif [ $? != 0 ] ; then\n    # print error to STDERR\n    echo \"error: The sandbox is not in sync with the Podfile.lock. Run 'pod install' or update your CocoaPods installation.\" >&2\n    exit 1\nfi\n# This output is used by Xcode 'outputs' to avoid re-running this script phase.\necho \"SUCCESS\" > \"${SCRIPT_OUTPUT_FILE_0}\"\n";
			showEnvVarsInLog = 0;
		};
/* End PBXShellScriptBuildPhase section */

/* Begin PBXSourcesBuildPhase section */
		B03232592AA750BA00E5D972 /* Sources */ = {
			isa = PBXSourcesBuildPhase;
			buildActionMask = 2147483647;
			files = (
				B03232972AA77C1000E5D972 /* AppCoordinator.swift in Sources */,
				B03232A02AA7887100E5D972 /* BookAPIBase.swift in Sources */,
				B03232822AA75D5200E5D972 /* Book.swift in Sources */,
				B03232872AA75E0B00E5D972 /* BookServiceProtocol.swift in Sources */,
				B03232A62AA78BA600E5D972 /* BookAPI+Bridging.swift in Sources */,
				B03232A22AA7897900E5D972 /* BookAPI+Models.swift in Sources */,
				B032328A2AA7601E00E5D972 /* BookService.swift in Sources */,
				B03232652AA750BA00E5D972 /* ViewController.swift in Sources */,
				B0030A542AA87E7100CEF56B /* BookPersistenceStore.xcdatamodeld in Sources */,
				B03232612AA750BA00E5D972 /* AppDelegate.swift in Sources */,
				B03232992AA787AC00E5D972 /* MockBookService.swift in Sources */,
				B03232922AA7614700E5D972 /* BookListViewModel.swift in Sources */,
				B0030A582AA8AC5300CEF56B /* LocalBookService.swift in Sources */,
				B0030A5A2AA8AE7800CEF56B /* BookPersistenceStore+Bridging.swift in Sources */,
				B03232942AA773D500E5D972 /* BookListCell.swift in Sources */,
				B03232632AA750BA00E5D972 /* SceneDelegate.swift in Sources */,
				B0030A562AA87F4100CEF56B /* BookPersistenceStore.swift in Sources */,
				B03232A42AA78AC600E5D972 /* BookAPI.swift in Sources */,
				B032328E2AA7611E00E5D972 /* BookListViewController.swift in Sources */,
				B03232902AA7614100E5D972 /* BookListViewModelProtocol.swift in Sources */,
				B032329B2AA787D700E5D972 /* RemoteBookService.swift in Sources */,
			);
			runOnlyForDeploymentPostprocessing = 0;
		};
/* End PBXSourcesBuildPhase section */

/* Begin PBXVariantGroup section */
		B032326B2AA750BB00E5D972 /* LaunchScreen.storyboard */ = {
			isa = PBXVariantGroup;
			children = (
				B032326C2AA750BB00E5D972 /* Base */,
			);
			name = LaunchScreen.storyboard;
			sourceTree = "<group>";
		};
/* End PBXVariantGroup section */

/* Begin XCBuildConfiguration section */
		B032326F2AA750BB00E5D972 /* Debug */ = {
			isa = XCBuildConfiguration;
			buildSettings = {
				ALWAYS_SEARCH_USER_PATHS = NO;
				CLANG_ANALYZER_NONNULL = YES;
				CLANG_ANALYZER_NUMBER_OBJECT_CONVERSION = YES_AGGRESSIVE;
				CLANG_CXX_LANGUAGE_STANDARD = "gnu++20";
				CLANG_ENABLE_MODULES = YES;
				CLANG_ENABLE_OBJC_ARC = YES;
				CLANG_ENABLE_OBJC_WEAK = YES;
				CLANG_WARN_BLOCK_CAPTURE_AUTORELEASING = YES;
				CLANG_WARN_BOOL_CONVERSION = YES;
				CLANG_WARN_COMMA = YES;
				CLANG_WARN_CONSTANT_CONVERSION = YES;
				CLANG_WARN_DEPRECATED_OBJC_IMPLEMENTATIONS = YES;
				CLANG_WARN_DIRECT_OBJC_ISA_USAGE = YES_ERROR;
				CLANG_WARN_DOCUMENTATION_COMMENTS = YES;
				CLANG_WARN_EMPTY_BODY = YES;
				CLANG_WARN_ENUM_CONVERSION = YES;
				CLANG_WARN_INFINITE_RECURSION = YES;
				CLANG_WARN_INT_CONVERSION = YES;
				CLANG_WARN_NON_LITERAL_NULL_CONVERSION = YES;
				CLANG_WARN_OBJC_IMPLICIT_RETAIN_SELF = YES;
				CLANG_WARN_OBJC_LITERAL_CONVERSION = YES;
				CLANG_WARN_OBJC_ROOT_CLASS = YES_ERROR;
				CLANG_WARN_QUOTED_INCLUDE_IN_FRAMEWORK_HEADER = YES;
				CLANG_WARN_RANGE_LOOP_ANALYSIS = YES;
				CLANG_WARN_STRICT_PROTOTYPES = YES;
				CLANG_WARN_SUSPICIOUS_MOVE = YES;
				CLANG_WARN_UNGUARDED_AVAILABILITY = YES_AGGRESSIVE;
				CLANG_WARN_UNREACHABLE_CODE = YES;
				CLANG_WARN__DUPLICATE_METHOD_MATCH = YES;
				COPY_PHASE_STRIP = NO;
				DEBUG_INFORMATION_FORMAT = dwarf;
				ENABLE_STRICT_OBJC_MSGSEND = YES;
				ENABLE_TESTABILITY = YES;
				GCC_C_LANGUAGE_STANDARD = gnu11;
				GCC_DYNAMIC_NO_PIC = NO;
				GCC_NO_COMMON_BLOCKS = YES;
				GCC_OPTIMIZATION_LEVEL = 0;
				GCC_PREPROCESSOR_DEFINITIONS = (
					"DEBUG=1",
					"$(inherited)",
				);
				GCC_WARN_64_TO_32_BIT_CONVERSION = YES;
				GCC_WARN_ABOUT_RETURN_TYPE = YES_ERROR;
				GCC_WARN_UNDECLARED_SELECTOR = YES;
				GCC_WARN_UNINITIALIZED_AUTOS = YES_AGGRESSIVE;
				GCC_WARN_UNUSED_FUNCTION = YES;
				GCC_WARN_UNUSED_VARIABLE = YES;
				IPHONEOS_DEPLOYMENT_TARGET = 16.1;
				MTL_ENABLE_DEBUG_INFO = INCLUDE_SOURCE;
				MTL_FAST_MATH = YES;
				ONLY_ACTIVE_ARCH = YES;
				SDKROOT = iphoneos;
				SWIFT_ACTIVE_COMPILATION_CONDITIONS = DEBUG;
				SWIFT_OPTIMIZATION_LEVEL = "-Onone";
			};
			name = Debug;
		};
		B03232702AA750BB00E5D972 /* Release */ = {
			isa = XCBuildConfiguration;
			buildSettings = {
				ALWAYS_SEARCH_USER_PATHS = NO;
				CLANG_ANALYZER_NONNULL = YES;
				CLANG_ANALYZER_NUMBER_OBJECT_CONVERSION = YES_AGGRESSIVE;
				CLANG_CXX_LANGUAGE_STANDARD = "gnu++20";
				CLANG_ENABLE_MODULES = YES;
				CLANG_ENABLE_OBJC_ARC = YES;
				CLANG_ENABLE_OBJC_WEAK = YES;
				CLANG_WARN_BLOCK_CAPTURE_AUTORELEASING = YES;
				CLANG_WARN_BOOL_CONVERSION = YES;
				CLANG_WARN_COMMA = YES;
				CLANG_WARN_CONSTANT_CONVERSION = YES;
				CLANG_WARN_DEPRECATED_OBJC_IMPLEMENTATIONS = YES;
				CLANG_WARN_DIRECT_OBJC_ISA_USAGE = YES_ERROR;
				CLANG_WARN_DOCUMENTATION_COMMENTS = YES;
				CLANG_WARN_EMPTY_BODY = YES;
				CLANG_WARN_ENUM_CONVERSION = YES;
				CLANG_WARN_INFINITE_RECURSION = YES;
				CLANG_WARN_INT_CONVERSION = YES;
				CLANG_WARN_NON_LITERAL_NULL_CONVERSION = YES;
				CLANG_WARN_OBJC_IMPLICIT_RETAIN_SELF = YES;
				CLANG_WARN_OBJC_LITERAL_CONVERSION = YES;
				CLANG_WARN_OBJC_ROOT_CLASS = YES_ERROR;
				CLANG_WARN_QUOTED_INCLUDE_IN_FRAMEWORK_HEADER = YES;
				CLANG_WARN_RANGE_LOOP_ANALYSIS = YES;
				CLANG_WARN_STRICT_PROTOTYPES = YES;
				CLANG_WARN_SUSPICIOUS_MOVE = YES;
				CLANG_WARN_UNGUARDED_AVAILABILITY = YES_AGGRESSIVE;
				CLANG_WARN_UNREACHABLE_CODE = YES;
				CLANG_WARN__DUPLICATE_METHOD_MATCH = YES;
				COPY_PHASE_STRIP = NO;
				DEBUG_INFORMATION_FORMAT = "dwarf-with-dsym";
				ENABLE_NS_ASSERTIONS = NO;
				ENABLE_STRICT_OBJC_MSGSEND = YES;
				GCC_C_LANGUAGE_STANDARD = gnu11;
				GCC_NO_COMMON_BLOCKS = YES;
				GCC_WARN_64_TO_32_BIT_CONVERSION = YES;
				GCC_WARN_ABOUT_RETURN_TYPE = YES_ERROR;
				GCC_WARN_UNDECLARED_SELECTOR = YES;
				GCC_WARN_UNINITIALIZED_AUTOS = YES_AGGRESSIVE;
				GCC_WARN_UNUSED_FUNCTION = YES;
				GCC_WARN_UNUSED_VARIABLE = YES;
				IPHONEOS_DEPLOYMENT_TARGET = 16.1;
				MTL_ENABLE_DEBUG_INFO = NO;
				MTL_FAST_MATH = YES;
				SDKROOT = iphoneos;
				SWIFT_COMPILATION_MODE = wholemodule;
				SWIFT_OPTIMIZATION_LEVEL = "-O";
				VALIDATE_PRODUCT = YES;
			};
			name = Release;
		};
		B03232722AA750BB00E5D972 /* Debug */ = {
			isa = XCBuildConfiguration;
			baseConfigurationReference = 8B9AD6D2DE4B5B5C28F9FACE /* Pods-hyweb-ios-exam.debug.xcconfig */;
			buildSettings = {
				ASSETCATALOG_COMPILER_APPICON_NAME = AppIcon;
				ASSETCATALOG_COMPILER_GLOBAL_ACCENT_COLOR_NAME = AccentColor;
				CODE_SIGN_STYLE = Automatic;
				CURRENT_PROJECT_VERSION = 1;
				GENERATE_INFOPLIST_FILE = YES;
				INFOPLIST_FILE = "hyweb-ios-exam/Info.plist";
				INFOPLIST_KEY_UIApplicationSupportsIndirectInputEvents = YES;
				INFOPLIST_KEY_UILaunchStoryboardName = LaunchScreen;
				INFOPLIST_KEY_UISupportedInterfaceOrientations_iPad = "UIInterfaceOrientationPortrait UIInterfaceOrientationPortraitUpsideDown UIInterfaceOrientationLandscapeLeft UIInterfaceOrientationLandscapeRight";
				INFOPLIST_KEY_UISupportedInterfaceOrientations_iPhone = "UIInterfaceOrientationPortrait UIInterfaceOrientationLandscapeLeft UIInterfaceOrientationLandscapeRight";
				LD_RUNPATH_SEARCH_PATHS = (
					"$(inherited)",
					"@executable_path/Frameworks",
				);
				MARKETING_VERSION = 0.0.1;
				PRODUCT_BUNDLE_IDENTIFIER = "com.test.hyweb-ios-exam";
				PRODUCT_NAME = "$(TARGET_NAME)";
				SWIFT_EMIT_LOC_STRINGS = YES;
				SWIFT_VERSION = 5.0;
				TARGETED_DEVICE_FAMILY = "1,2";
			};
			name = Debug;
		};
		B03232732AA750BB00E5D972 /* Release */ = {
			isa = XCBuildConfiguration;
			baseConfigurationReference = FA40FF0B3D7F5A1FE9DC7350 /* Pods-hyweb-ios-exam.release.xcconfig */;
			buildSettings = {
				ASSETCATALOG_COMPILER_APPICON_NAME = AppIcon;
				ASSETCATALOG_COMPILER_GLOBAL_ACCENT_COLOR_NAME = AccentColor;
				CODE_SIGN_STYLE = Automatic;
				CURRENT_PROJECT_VERSION = 1;
				GENERATE_INFOPLIST_FILE = YES;
				INFOPLIST_FILE = "hyweb-ios-exam/Info.plist";
				INFOPLIST_KEY_UIApplicationSupportsIndirectInputEvents = YES;
				INFOPLIST_KEY_UILaunchStoryboardName = LaunchScreen;
				INFOPLIST_KEY_UISupportedInterfaceOrientations_iPad = "UIInterfaceOrientationPortrait UIInterfaceOrientationPortraitUpsideDown UIInterfaceOrientationLandscapeLeft UIInterfaceOrientationLandscapeRight";
				INFOPLIST_KEY_UISupportedInterfaceOrientations_iPhone = "UIInterfaceOrientationPortrait UIInterfaceOrientationLandscapeLeft UIInterfaceOrientationLandscapeRight";
				LD_RUNPATH_SEARCH_PATHS = (
					"$(inherited)",
					"@executable_path/Frameworks",
				);
				MARKETING_VERSION = 0.0.1;
				PRODUCT_BUNDLE_IDENTIFIER = "com.test.hyweb-ios-exam";
				PRODUCT_NAME = "$(TARGET_NAME)";
				SWIFT_EMIT_LOC_STRINGS = YES;
				SWIFT_VERSION = 5.0;
				TARGETED_DEVICE_FAMILY = "1,2";
			};
			name = Release;
		};
/* End XCBuildConfiguration section */

/* Begin XCConfigurationList section */
		B03232582AA750BA00E5D972 /* Build configuration list for PBXProject "hyweb-ios-exam" */ = {
			isa = XCConfigurationList;
			buildConfigurations = (
				B032326F2AA750BB00E5D972 /* Debug */,
				B03232702AA750BB00E5D972 /* Release */,
			);
			defaultConfigurationIsVisible = 0;
			defaultConfigurationName = Release;
		};
		B03232712AA750BB00E5D972 /* Build configuration list for PBXNativeTarget "hyweb-ios-exam" */ = {
			isa = XCConfigurationList;
			buildConfigurations = (
				B03232722AA750BB00E5D972 /* Debug */,
				B03232732AA750BB00E5D972 /* Release */,
			);
			defaultConfigurationIsVisible = 0;
			defaultConfigurationName = Release;
		};
/* End XCConfigurationList section */

/* Begin XCVersionGroup section */
		B0030A522AA87E7100CEF56B /* BookPersistenceStore.xcdatamodeld */ = {
			isa = XCVersionGroup;
			children = (
				B0030A532AA87E7100CEF56B /* BookPersistenceStore.xcdatamodel */,
			);
			currentVersion = B0030A532AA87E7100CEF56B /* BookPersistenceStore.xcdatamodel */;
			path = BookPersistenceStore.xcdatamodeld;
			sourceTree = "<group>";
			versionGroupType = wrapper.xcdatamodel;
		};
/* End XCVersionGroup section */
	};
	rootObject = B03232552AA750BA00E5D972 /* Project object */;
}
